
Microsoft Visual Studio Solution File, Format Version 12.00
# Visual Studio Version 17
VisualStudioVersion = 17.6.33829.357
MinimumVisualStudioVersion = 10.0.40219.1
Project("{FAE04EC0-301F-11D3-BF4B-00C04F79EFBC}") = "EIKCheck", "EIKCheck\EIKCheck.csproj", "{7C1CA1FE-9B8A-4722-A7C9-223418FFC0CF}"
EndProject
Global
	GlobalSection(SolutionConfigurationPlatforms) = preSolution
		Debug|Any CPU = Debug|Any CPU
		Release|Any CPU = Release|Any CPU
	EndGlobalSection
	GlobalSection(ProjectConfigurationPlatforms) = postSolution
		{7C1CA1FE-9B8A-4722-A7C9-223418FFC0CF}.Debug|Any CPU.ActiveCfg = Debug|Any CPU
		{7C1CA1FE-9B8A-4722-A7C9-223418FFC0CF}.Debug|Any CPU.Build.0 = Debug|Any CPU
		{7C1CA1FE-9B8A-4722-A7C9-223418FFC0CF}.Release|Any CPU.ActiveCfg = Release|Any CPU
		{7C1CA1FE-9B8A-4722-A7C9-223418FFC0CF}.Release|Any CPU.Build.0 = Release|Any CPU
	EndGlobalSection
	GlobalSection(SolutionProperties) = preSolution
		HideSolutionNode = FALSE
	EndGlobalSection
	GlobalSection(ExtensibilityGlobals) = postSolution
		SolutionGuid = {1A682483-4384-40D6-8ACE-50FDD91B5DB6}
	EndGlobalSection
EndGlobal
